
Microsoft Visual Studio Solution File, Format Version 12.00
# Visual Studio Version 17
VisualStudioVersion = 17.14.36221.1 d17.14
MinimumVisualStudioVersion = 10.0.40219.1
Project("{FAE04EC0-301F-11D3-BF4B-00C04F79EFBC}") = "eCommerce.SharedLibrary", "eCommerce.SharedLibrary\eCommerce.SharedLibrary.csproj", "{8D914CFB-1A84-450C-9399-0E46A26049CD}"
EndProject
Global
	GlobalSection(SolutionConfigurationPlatforms) = preSolution
		Debug|Any CPU = Debug|Any CPU
		Release|Any CPU = Release|Any CPU
	EndGlobalSection
	GlobalSection(ProjectConfigurationPlatforms) = postSolution
		{8D914CFB-1A84-450C-9399-0E46A26049CD}.Debug|Any CPU.ActiveCfg = Debug|Any CPU
		{8D914CFB-1A84-450C-9399-0E46A26049CD}.Debug|Any CPU.Build.0 = Debug|Any CPU
		{8D914CFB-1A84-450C-9399-0E46A26049CD}.Release|Any CPU.ActiveCfg = Release|Any CPU
		{8D914CFB-1A84-450C-9399-0E46A26049CD}.Release|Any CPU.Build.0 = Release|Any CPU
	EndGlobalSection
	GlobalSection(SolutionProperties) = preSolution
		HideSolutionNode = FALSE
	EndGlobalSection
	GlobalSection(ExtensibilityGlobals) = postSolution
		SolutionGuid = {3E9444FA-C62F-4937-AD91-CCBAD993BEF1}
	EndGlobalSection
EndGlobal
